
Microsoft Visual Studio Solution File, Format Version 12.00
# Visual Studio Version 17
VisualStudioVersion = 17.1.32421.90
MinimumVisualStudioVersion = 10.0.40219.1
Project("{FAE04EC0-301F-11D3-BF4B-00C04F79EFBC}") = "BusInfo_Assignment2", "BusInfo_Assignment2\BusInfo_Assignment2.csproj", "{0A6D7ACD-8890-4266-AED6-202C846EDD95}"
EndProject
Global
	GlobalSection(SolutionConfigurationPlatforms) = preSolution
		Debug|Any CPU = Debug|Any CPU
		Release|Any CPU = Release|Any CPU
	EndGlobalSection
	GlobalSection(ProjectConfigurationPlatforms) = postSolution
		{0A6D7ACD-8890-4266-AED6-202C846EDD95}.Debug|Any CPU.ActiveCfg = Debug|Any CPU
		{0A6D7ACD-8890-4266-AED6-202C846EDD95}.Debug|Any CPU.Build.0 = Debug|Any CPU
		{0A6D7ACD-8890-4266-AED6-202C846EDD95}.Release|Any CPU.ActiveCfg = Release|Any CPU
		{0A6D7ACD-8890-4266-AED6-202C846EDD95}.Release|Any CPU.Build.0 = Release|Any CPU
	EndGlobalSection
	GlobalSection(SolutionProperties) = preSolution
		HideSolutionNode = FALSE
	EndGlobalSection
	GlobalSection(ExtensibilityGlobals) = postSolution
		SolutionGuid = {1200DFC8-659E-40E8-A56B-4AB07B143FB4}
	EndGlobalSection
EndGlobal
